
Microsoft Visual Studio Solution File, Format Version 12.00
# Visual Studio 15
VisualStudioVersion = 15.0.28306.52
MinimumVisualStudioVersion = 10.0.40219.1
Project("{FAE04EC0-301F-11D3-BF4B-00C04F79EFBC}") = "ExternalLogin", "ExternalLogin\ExternalLogin.csproj", "{4D1CA360-DFC4-4EB6-9582-9F1B36A09AC3}"
EndProject
Global
	GlobalSection(SolutionConfigurationPlatforms) = preSolution
		Debug|Any CPU = Debug|Any CPU
		Release|Any CPU = Release|Any CPU
	EndGlobalSection
	GlobalSection(ProjectConfigurationPlatforms) = postSolution
		{4D1CA360-DFC4-4EB6-9582-9F1B36A09AC3}.Debug|Any CPU.ActiveCfg = Debug|Any CPU
		{4D1CA360-DFC4-4EB6-9582-9F1B36A09AC3}.Debug|Any CPU.Build.0 = Debug|Any CPU
		{4D1CA360-DFC4-4EB6-9582-9F1B36A09AC3}.Release|Any CPU.ActiveCfg = Release|Any CPU
		{4D1CA360-DFC4-4EB6-9582-9F1B36A09AC3}.Release|Any CPU.Build.0 = Release|Any CPU
	EndGlobalSection
	GlobalSection(SolutionProperties) = preSolution
		HideSolutionNode = FALSE
	EndGlobalSection
	GlobalSection(ExtensibilityGlobals) = postSolution
		SolutionGuid = {BF89A38B-9E73-41F1-A13E-F7F16443E5E7}
	EndGlobalSection
EndGlobal
